{
  "version": "4",
  "specifiers": {
    "jsr:@std/assert@1": "1.0.8",
    "jsr:@std/internal@^1.0.5": "1.0.5",
    "npm:@datastructures-js/heap@4.3.3": "4.3.3",
    "npm:@datastructures-js/priority-queue@6.3.1": "6.3.1",
    "npm:@datastructures-js/trie@4.2.2": "4.2.2",
    "npm:@types/lodash@4.17.13": "4.17.13",
    "npm:lodash@4.17.21": "4.17.21"
  },
  "jsr": {
    "@std/assert@1.0.8": {
      "integrity": "ebe0bd7eb488ee39686f77003992f389a06c3da1bbd8022184804852b2fa641b",
      "dependencies": [
        "jsr:@std/internal"
      ]
    },
    "@std/internal@1.0.5": {
      "integrity": "54a546004f769c1ac9e025abd15a76b6671ddc9687e2313b67376125650dc7ba"
    }
  },
  "npm": {
    "@datastructures-js/heap@4.3.3": {
      "integrity": "sha512-UcUu/DLh/aM4W3C8zZfwxxm6/6FIZUlm3mcAXuNOCa6Aj4iizNvNXQyb8DjZQH2jKSQbMRyNlngP6TPimuGjpQ=="
    },
    "@datastructures-js/priority-queue@6.3.1": {
      "integrity": "sha512-eoxkWql/j0VJ0UFMFTpnyJz4KbEEVQ6aZ/JuJUgenu0Im4tYKylAycNGsYCHGXiVNEd7OKGVwfx1Ac3oYkuu7A==",
      "dependencies": [
        "@datastructures-js/heap"
      ]
    },
    "@datastructures-js/trie@4.2.2": {
      "integrity": "sha512-wZFXic9OLc+BgtnUYr0EIaAZLaPaNt0r1zjf2xJ5JhGwuK0w2vwlOMMj9RHgIeOY+UM0J76CcrmN/wn2LlEYkA=="
    },
    "@types/lodash@4.17.13": {
      "integrity": "sha512-lfx+dftrEZcdBPczf9d0Qv0x+j/rfNCMuC6OcfXmO8gkfeNAY88PgKUbvG56whcN23gc27yenwF6oJZXGFpYxg=="
    },
    "lodash@4.17.21": {
      "integrity": "sha512-v2kDEe57lecTulaDIuNTPy3Ry4gLGJ6Z1O3vE1krgXZNrsQ+LFTGHVxVjcXPs17LhbZVGedAJv8XZ1tvj5FvSg=="
    }
  },
  "remote": {
    "https://deno.land/std@0.110.0/_util/assert.ts": "2f868145a042a11d5ad0a3c748dcf580add8a0dbc0e876eaa0026303a5488f58",
    "https://deno.land/std@0.110.0/_util/os.ts": "dfb186cc4e968c770ab6cc3288bd65f4871be03b93beecae57d657232ecffcac",
    "https://deno.land/std@0.110.0/async/deadline.ts": "1d6ac7aeaee22f75eb86e4e105d6161118aad7b41ae2dd14f4cfd3bf97472b93",
    "https://deno.land/std@0.110.0/async/debounce.ts": "b2f693e4baa16b62793fd618de6c003b63228db50ecfe3bd51fc5f6dc0bc264b",
    "https://deno.land/std@0.110.0/async/deferred.ts": "ab60d46ba561abb3b13c0c8085d05797a384b9f182935f051dc67136817acdee",
    "https://deno.land/std@0.110.0/async/delay.ts": "db68b7c22518ea9805be110cdc914017d741894d2bececf4d78607fd2f0548e7",
    "https://deno.land/std@0.110.0/async/mod.ts": "78425176fabea7bd1046ce3819fd69ce40da85c83e0f174d17e8e224a91f7d10",
    "https://deno.land/std@0.110.0/async/mux_async_iterator.ts": "62abff3af9ff619e8f2adc96fc70d4ca020fa48a50c23c13f12d02ed2b760dbe",
    "https://deno.land/std@0.110.0/async/pool.ts": "353ce4f91865da203a097aa6f33de8966340c91b6f4a055611c8c5d534afd12f",
    "https://deno.land/std@0.110.0/async/tee.ts": "63811ea47268825db2b15e973dc5c37bab37b749ffa00d2b7bbb6c6f568412cb",
    "https://deno.land/std@0.110.0/bytes/mod.ts": "440684e07e8f57a19a43b34d57eb63af0b36fc92b6657b6dcdbf9d5612d62e29",
    "https://deno.land/std@0.110.0/encoding/base64.ts": "eecae390f1f1d1cae6f6c6d732ede5276bf4b9cd29b1d281678c054dc5cc009e",
    "https://deno.land/std@0.110.0/encoding/hex.ts": "5bc7df19af498c315cdaba69e2fce1b2aef5fc57344e8c21c08991aa8505a260",
    "https://deno.land/std@0.110.0/fmt/colors.ts": "8368ddf2d48dfe413ffd04cdbb7ae6a1009cf0dccc9c7ff1d76259d9c61a0621",
    "https://deno.land/std@0.110.0/fs/eol.ts": "afaebaaac36f48c423b920c836551997715672b80a0fee9aa7667c181a94f2df",
    "https://deno.land/std@0.110.0/io/buffer.ts": "3ead6bb11276ebcf093c403f74f67fd2205a515dbbb9061862c468ca56f37cd8",
    "https://deno.land/std@0.110.0/io/util.ts": "85c33d61b20fd706acc094fe80d4c8ae618b04abcf3a96ca2b47071842c1c8ac",
    "https://deno.land/std@0.110.0/node/_errors.ts": "74d1e7c7aad0f4a04df20be1f25f8a0a1d39483a75daabefa2cb285b0090e6e5",
    "https://deno.land/std@0.110.0/node/_stream/async_iterator.ts": "f5e8e4cf7e823364740a9db1cf492f571a4c7c7cbc4c9f65cb505db439eecca1",
    "https://deno.land/std@0.110.0/node/_stream/buffer_list.ts": "93526777ba6436a5e73590b7878506ad4dbe99e6cb041d15cf748b2df28596d1",
    "https://deno.land/std@0.110.0/node/_stream/destroy.ts": "c6248bab9e1c85693716867a48cb881c6df6d6111c698d7b9301eda571e54347",
    "https://deno.land/std@0.110.0/node/_stream/duplex.ts": "c0a6ce0a286ccd2c37cca217c356316007b799b803865b20a3c75559a6e933ad",
    "https://deno.land/std@0.110.0/node/_stream/duplex_internal.ts": "61c6dd6712472ca70019ad207455df2ab5524248ba3c5325ccc78473fe0b2795",
    "https://deno.land/std@0.110.0/node/_stream/end_of_stream.ts": "5bd4d24e1b418062be8fdf569b6407b89f7cedec6644b4865bf46dcf4ee72976",
    "https://deno.land/std@0.110.0/node/_stream/from.ts": "d1c041b3788ec2cb28ea4949036dc7b1af11e900dd6181b1150d7c0ed10e7f57",
    "https://deno.land/std@0.110.0/node/_stream/passthrough.ts": "361145fcdd270f00b162565c7e12078ef1f48b1c96ce7954998a985b926322ba",
    "https://deno.land/std@0.110.0/node/_stream/pipeline.ts": "76624903a47d2bca6f30d4af246aca65396b63a1642894f44e6d227c184dae86",
    "https://deno.land/std@0.110.0/node/_stream/promises.ts": "71d77087c158c2c3b84ddc0a4a4d70f810f6767b55195374303fa271f224cee9",
    "https://deno.land/std@0.110.0/node/_stream/readable.ts": "770ff73f2c767d0098769831a3ee6e77562a32d82ff5420950323d664d0bcc46",
    "https://deno.land/std@0.110.0/node/_stream/readable_internal.ts": "126d3f2067900459465db73bf16c5d9ddb48c37d0fba03f8f69d7f274d0dbc89",
    "https://deno.land/std@0.110.0/node/_stream/stream.ts": "a630a4163777a68190de1f3903901e84260d7cfd9fe861c9398867745c333bf7",
    "https://deno.land/std@0.110.0/node/_stream/symbols.ts": "980ba25e8e05593fd775c51e05e7ccf2af7fe466616f110c107dd96bce302754",
    "https://deno.land/std@0.110.0/node/_stream/transform.ts": "7b7b7fe1506e461412f5f53325da57d8de11dde2990c7e2f8d0d8cb7690262e3",
    "https://deno.land/std@0.110.0/node/_stream/writable.ts": "25ec104069af7abd6bf98ea59c40b14c0427826d979036f42f4358189d1aaeec",
    "https://deno.land/std@0.110.0/node/_stream/writable_internal.ts": "ef00bd654f949c17eb4b1749d1e37e92a93cbc7fc5807b63875d3b94a667c023",
    "https://deno.land/std@0.110.0/node/_util/_util_callbackify.ts": "947aa66d148c10e484c5c5e65ca4041cdd65085d7045fb26d388269a63c4d079",
    "https://deno.land/std@0.110.0/node/_util/_util_promisify.ts": "2ad6efe685f73443d5ed6ae009999789a8de4a0f01e6d2afdf242b4515477ee2",
    "https://deno.land/std@0.110.0/node/_util/_util_types.ts": "ae3d21e07c975f06590ab80bbde8173670d70ff40546267c0c1df869fc2ff00c",
    "https://deno.land/std@0.110.0/node/_utils.ts": "c32d3491e380488728d65ad471698ed0aadff7fe35bde0a26ba4dd8f434ed0e7",
    "https://deno.land/std@0.110.0/node/buffer.ts": "29e7a8849479c9d325a1be899fd79d1289a858afe211ab5a0c78e57f3493dfea",
    "https://deno.land/std@0.110.0/node/events.ts": "f92ba300cb0a6efa4ff4d8a267a507ee725858d6a250a2eeb829ec99b21f90b1",
    "https://deno.land/std@0.110.0/node/os.ts": "350dc64e5bb8af0f2e91690e509220fb238992af1fdcbb9ee087907c80e2a7c5",
    "https://deno.land/std@0.110.0/node/process.ts": "f22c10d8039ecef4d814310081e4685aeaa9f0b4591c75c3c9d4dd189a5f1354",
    "https://deno.land/std@0.110.0/node/stream.ts": "a4ed80f73bd94415cc4b27ea6c08000294361165fd97dfdbce6bcb52245eb744",
    "https://deno.land/std@0.110.0/node/string_decoder.ts": "da8586cf9288fa8d83574c409b4eadb0d634b0294fad2b4675df78dfac6ff546",
    "https://deno.land/std@0.110.0/node/util.ts": "23878bd3ee67a52e67cfe5acb78c7ccce9c54735c6d280b069577605e8679935",
    "https://deno.land/std@0.110.0/path/_constants.ts": "1247fee4a79b70c89f23499691ef169b41b6ccf01887a0abd131009c5581b853",
    "https://deno.land/std@0.110.0/path/_interface.ts": "1fa73b02aaa24867e481a48492b44f2598cd9dfa513c7b34001437007d3642e4",
    "https://deno.land/std@0.110.0/path/_util.ts": "2e06a3b9e79beaf62687196bd4b60a4c391d862cfa007a20fc3a39f778ba073b",
    "https://deno.land/std@0.110.0/path/common.ts": "f41a38a0719a1e85aa11c6ba3bea5e37c15dd009d705bd8873f94c833568cbc4",
    "https://deno.land/std@0.110.0/path/glob.ts": "46708a3249cb5dc4a116cae3055114d6339bd5f0c1f412db6a4e0cb44c828a7d",
    "https://deno.land/std@0.110.0/path/mod.ts": "4465dc494f271b02569edbb4a18d727063b5dbd6ed84283ff906260970a15d12",
    "https://deno.land/std@0.110.0/path/posix.ts": "34349174b9cd121625a2810837a82dd8b986bbaaad5ade690d1de75bbb4555b2",
    "https://deno.land/std@0.110.0/path/separator.ts": "8fdcf289b1b76fd726a508f57d3370ca029ae6976fcde5044007f062e643ff1c",
    "https://deno.land/std@0.110.0/path/win32.ts": "2edb2f71f10578ee1168de01a8cbd3c65483e45a46bc2fa3156a0c6bfbd2720d",
    "https://deno.land/std@0.110.0/testing/_diff.ts": "ccd6c3af6e44c74bf1591acb1361995f5f50df64323a6e7fb3f16c8ea792c940",
    "https://deno.land/std@0.110.0/testing/asserts.ts": "6b0d6ba564bdff807bd0f0e93e02c48aa3177acf19416bf84a7f420191ef74cd"
  },
  "workspace": {
    "dependencies": [
      "jsr:@std/assert@1",
      "npm:@datastructures-js/heap@4.3.3",
      "npm:@datastructures-js/priority-queue@6.3.1",
      "npm:@datastructures-js/trie@4.2.2"
    ]
  }
}
